
Microsoft Visual Studio Solution File, Format Version 12.00
# Visual Studio Version 16
VisualStudioVersion = 16.0.29613.14
MinimumVisualStudioVersion = 10.0.40219.1
Project("{FAE04EC0-301F-11D3-BF4B-00C04F79EFBC}") = "DarkOrbit_ResourceDownloader", "DarkOrbit_ResourceDownloader\DarkOrbit_ResourceDownloader.csproj", "{2CABF62D-A7B8-4C62-9A69-E23336045924}"
EndProject
Global
	GlobalSection(SolutionConfigurationPlatforms) = preSolution
		Debug|Any CPU = Debug|Any CPU
		Release|Any CPU = Release|Any CPU
	EndGlobalSection
	GlobalSection(ProjectConfigurationPlatforms) = postSolution
		{2CABF62D-A7B8-4C62-9A69-E23336045924}.Debug|Any CPU.ActiveCfg = Debug|Any CPU
		{2CABF62D-A7B8-4C62-9A69-E23336045924}.Debug|Any CPU.Build.0 = Debug|Any CPU
		{2CABF62D-A7B8-4C62-9A69-E23336045924}.Release|Any CPU.ActiveCfg = Release|Any CPU
		{2CABF62D-A7B8-4C62-9A69-E23336045924}.Release|Any CPU.Build.0 = Release|Any CPU
	EndGlobalSection
	GlobalSection(SolutionProperties) = preSolution
		HideSolutionNode = FALSE
	EndGlobalSection
	GlobalSection(ExtensibilityGlobals) = postSolution
		SolutionGuid = {76AE2AEC-D71D-46C0-BB9B-165CBBFDA135}
	EndGlobalSection
EndGlobal
